{
  "requires": true,
  "lockfileVersion": 1,
  "dependencies": {
    "gojs": {
      "version": "1.8.3",
      "resolved": "https://registry.npmjs.org/gojs/-/gojs-1.8.3.tgz",
      "integrity": "sha512-C+aeo8kBrgTG6QDQkNzKQCmQcLgBUjSpLCohucV192rUY9Vd/1dzL0t4Jjn6AithpzMO8eaI0shvXLyZgOpmJQ=="
    }
  }
}
